
Microsoft Visual Studio Solution File, Format Version 12.00
# Visual Studio Version 17
VisualStudioVersion = 17.3.32804.467
MinimumVisualStudioVersion = 10.0.40219.1
Project("{8BC9CEB8-8B4A-11D0-8D11-00A0C91BC942}") = "CST116-Ch5-Debugging", "CST116-Ch5-Debugging.vcxproj", "{656289CE-6A7B-4681-B61A-B8BD2CF9E712}"
EndProject
Global
	GlobalSection(SolutionConfigurationPlatforms) = preSolution
		Debug|x64 = Debug|x64
		Debug|x86 = Debug|x86
		Release|x64 = Release|x64
		Release|x86 = Release|x86
	EndGlobalSection
	GlobalSection(ProjectConfigurationPlatforms) = postSolution
		{656289CE-6A7B-4681-B61A-B8BD2CF9E712}.Debug|x64.ActiveCfg = Debug|x64
		{656289CE-6A7B-4681-B61A-B8BD2CF9E712}.Debug|x64.Build.0 = Debug|x64
		{656289CE-6A7B-4681-B61A-B8BD2CF9E712}.Debug|x86.ActiveCfg = Debug|Win32
		{656289CE-6A7B-4681-B61A-B8BD2CF9E712}.Debug|x86.Build.0 = Debug|Win32
		{656289CE-6A7B-4681-B61A-B8BD2CF9E712}.Release|x64.ActiveCfg = Release|x64
		{656289CE-6A7B-4681-B61A-B8BD2CF9E712}.Release|x64.Build.0 = Release|x64
		{656289CE-6A7B-4681-B61A-B8BD2CF9E712}.Release|x86.ActiveCfg = Release|Win32
		{656289CE-6A7B-4681-B61A-B8BD2CF9E712}.Release|x86.Build.0 = Release|Win32
	EndGlobalSection
	GlobalSection(SolutionProperties) = preSolution
		HideSolutionNode = FALSE
	EndGlobalSection
	GlobalSection(ExtensibilityGlobals) = postSolution
		SolutionGuid = {814ACEF9-6F20-4A06-B885-731651BC52DC}
	EndGlobalSection
EndGlobal
